// !$*UTF8*$!
{
	archiveVersion = 1;
	classes = {
	};
	objectVersion = 46;
	objects = {

/* Begin PBXBuildFile section */
		6EA972251DB52F8D00D907FA /* AppDelegate.swift in Sources */ = {isa = PBXBuildFile; fileRef = 6EA972241DB52F8D00D907FA /* AppDelegate.swift */; };
		6EA972271DB52F8D00D907FA /* ViewController.swift in Sources */ = {isa = PBXBuildFile; fileRef = 6EA972261DB52F8D00D907FA /* ViewController.swift */; };
		6EA9722A1DB52F8D00D907FA /* Main.storyboard in Resources */ = {isa = PBXBuildFile; fileRef = 6EA972281DB52F8D00D907FA /* Main.storyboard */; };
		6EA9722C1DB52F8D00D907FA /* Assets.xcassets in Resources */ = {isa = PBXBuildFile; fileRef = 6EA9722B1DB52F8D00D907FA /* Assets.xcassets */; };
		6EA9722F1DB52F8D00D907FA /* LaunchScreen.storyboard in Resources */ = {isa = PBXBuildFile; fileRef = 6EA9722D1DB52F8D00D907FA /* LaunchScreen.storyboard */; };
/* End PBXBuildFile section */

/* Begin PBXFileReference section */
		6EA972211DB52F8D00D907FA /* DesignableView.app */ = {isa = PBXFileReference; explicitFileType = wrapper.application; includeInIndex = 0; path = DesignableView.app; sourceTree = BUILT_PRODUCTS_DIR; };
		6EA972241DB52F8D00D907FA /* AppDelegate.swift */ = {isa = PBXFileReference; lastKnownFileType = sourcecode.swift; path = AppDelegate.swift; sourceTree = "<group>"; };
		6EA972261DB52F8D00D907FA /* ViewController.swift */ = {isa = PBXFileReference; lastKnownFileType = sourcecode.swift; path = ViewController.swift; sourceTree = "<group>"; };
		6EA972291DB52F8D00D907FA /* Base */ = {isa = PBXFileReference; lastKnownFileType = file.storyboard; name = Base; path = Base.lproj/Main.storyboard; sourceTree = "<group>"; };
		6EA9722B1DB52F8D00D907FA /* Assets.xcassets */ = {isa = PBXFileReference; lastKnownFileType = folder.assetcatalog; path = Assets.xcassets; sourceTree = "<group>"; };
		6EA9722E1DB52F8D00D907FA /* Base */ = {isa = PBXFileReference; lastKnownFileType = file.storyboard; name = Base; path = Base.lproj/LaunchScreen.storyboard; sourceTree = "<group>"; };
		6EA972301DB52F8D00D907FA /* Info.plist */ = {isa = PBXFileReference; lastKnownFileType = text.plist.xml; path = Info.plist; sourceTree = "<group>"; };
/* End PBXFileReference section */

/* Begin PBXFrameworksBuildPhase section */
		6EA9721E1DB52F8D00D907FA /* Frameworks */ = {
			isa = PBXFrameworksBuildPhase;
			buildActionMask = 2147483647;
			files = (
			);
			runOnlyForDeploymentPostprocessing = 0;
		};
/* End PBXFrameworksBuildPhase section */

/* Begin PBXGroup section */
		6EA972181DB52F8D00D907FA = {
			isa = PBXGroup;
			children = (
				6EA972231DB52F8D00D907FA /* DesignableView */,
				6EA972221DB52F8D00D907FA /* Products */,
			);
			sourceTree = "<group>";
		};
		6EA972221DB52F8D00D907FA /* Products */ = {
			isa = PBXGroup;
			children = (
				6EA972211DB52F8D00D907FA /* DesignableView.app */,
			);
			name = Products;
			sourceTree = "<group>";
		};
		6EA972231DB52F8D00D907FA /* DesignableView */ = {
			isa = PBXGroup;
			children = (
				6EA972241DB52F8D00D907FA /* AppDelegate.swift */,
				6EA972261DB52F8D00D907FA /* ViewController.swift */,
				6EA972281DB52F8D00D907FA /* Main.storyboard */,
				6EA9722B1DB52F8D00D907FA /* Assets.xcassets */,
				6EA9722D1DB52F8D00D907FA /* LaunchScreen.storyboard */,
				6EA972301DB52F8D00D907FA /* Info.plist */,
			);
			path = DesignableView;
			sourceTree = "<group>";
		};
/* End PBXGroup section */

/* Begin PBXNativeTarget section */
		6EA972201DB52F8D00D907FA /* DesignableView */ = {
			isa = PBXNativeTarget;
			buildConfigurationList = 6EA972331DB52F8D00D907FA /* Build configuration list for PBXNativeTarget "DesignableView" */;
			buildPhases = (
				6EA9721D1DB52F8D00D907FA /* Sources */,
				6EA9721E1DB52F8D00D907FA /* Frameworks */,
				6EA9721F1DB52F8D00D907FA /* Resources */,
			);
			buildRules = (
			);
			dependencies = (
			);
			name = DesignableView;
			productName = DesignableView;
			productReference = 6EA972211DB52F8D00D907FA /* DesignableView.app */;
			productType = "com.apple.product-type.application";
		};
/* End PBXNativeTarget section */

/* Begin PBXProject section */
		6EA972191DB52F8D00D907FA /* Project object */ = {
			isa = PBXProject;
			attributes = {
				LastSwiftUpdateCheck = 0800;
				LastUpgradeCheck = 0800;
				TargetAttributes = {
					6EA972201DB52F8D00D907FA = {
						CreatedOnToolsVersion = 8.0;
						ProvisioningStyle = Automatic;
					};
				};
			};
			buildConfigurationList = 6EA9721C1DB52F8D00D907FA /* Build configuration list for PBXProject "DesignableView" */;
			compatibilityVersion = "Xcode 3.2";
			developmentRegion = English;
			hasScannedForEncodings = 0;
			knownRegions = (
				en,
				Base,
			);
			mainGroup = 6EA972181DB52F8D00D907FA;
			productRefGroup = 6EA972221DB52F8D00D907FA /* Products */;
			projectDirPath = "";
			projectRoot = "";
			targets = (
				6EA972201DB52F8D00D907FA /* DesignableView */,
			);
		};
/* End PBXProject section */

/* Begin PBXResourcesBuildPhase section */
		6EA9721F1DB52F8D00D907FA /* Resources */ = {
			isa = PBXResourcesBuildPhase;
			buildActionMask = 2147483647;
			files = (
				6EA9722F1DB52F8D00D907FA /* LaunchScreen.storyboard in Resources */,
				6EA9722C1DB52F8D00D907FA /* Assets.xcassets in Resources */,
				6EA9722A1DB52F8D00D907FA /* Main.storyboard in Resources */,
			);
			runOnlyForDeploymentPostprocessing = 0;
		};
/* End PBXResourcesBuildPhase section */

/* Begin PBXSourcesBuildPhase section */
		6EA9721D1DB52F8D00D907FA /* Sources */ = {
			isa = PBXSourcesBuildPhase;
			buildActionMask = 2147483647;
			files = (
				6EA972271DB52F8D00D907FA /* ViewController.swift in Sources */,
				6EA972251DB52F8D00D907FA /* AppDelegate.swift in Sources */,
			);
			runOnlyForDeploymentPostprocessing = 0;
		};
/* End PBXSourcesBuildPhase section */

/* Begin PBXVariantGroup section */
		6EA972281DB52F8D00D907FA /* Main.storyboard */ = {
			isa = PBXVariantGroup;
			children = (
				6EA972291DB52F8D00D907FA /* Base */,
			);
			name = Main.storyboard;
			sourceTree = "<group>";
		};
		6EA9722D1DB52F8D00D907FA /* LaunchScreen.storyboard */ = {
			isa = PBXVariantGroup;
			children = (
				6EA9722E1DB52F8D00D907FA /* Base */,
			);
			name = LaunchScreen.storyboard;
			sourceTree = "<group>";
		};
/* End PBXVariantGroup section */

/* Begin XCBuildConfiguration section */
		6EA972311DB52F8D00D907FA /* Debug */ = {
			isa = XCBuildConfiguration;
			buildSettings = {
				ALWAYS_SEARCH_USER_PATHS = NO;
				CLANG_ANALYZER_NONNULL = YES;
				CLANG_CXX_LANGUAGE_STANDARD = "gnu++0x";
				CLANG_CXX_LIBRARY = "libc++";
				CLANG_ENABLE_MODULES = YES;
				CLANG_ENABLE_OBJC_ARC = YES;
				CLANG_WARN_BOOL_CONVERSION = YES;
				CLANG_WARN_CONSTANT_CONVERSION = YES;
				CLANG_WARN_DIRECT_OBJC_ISA_USAGE = YES_ERROR;
				CLANG_WARN_DOCUMENTATION_COMMENTS = YES;
				CLANG_WARN_EMPTY_BODY = YES;
				CLANG_WARN_ENUM_CONVERSION = YES;
				CLANG_WARN_INFINITE_RECURSION = YES;
				CLANG_WARN_INT_CONVERSION = YES;
				CLANG_WARN_OBJC_ROOT_CLASS = YES_ERROR;
				CLANG_WARN_SUSPICIOUS_MOVES = YES;
				CLANG_WARN_UNREACHABLE_CODE = YES;
				CLANG_WARN__DUPLICATE_METHOD_MATCH = YES;
				"CODE_SIGN_IDENTITY[sdk=iphoneos*]" = "iPhone Developer";
				COPY_PHASE_STRIP = NO;
				DEBUG_INFORMATION_FORMAT = dwarf;
				ENABLE_STRICT_OBJC_MSGSEND = YES;
				ENABLE_TESTABILITY = YES;
				GCC_C_LANGUAGE_STANDARD = gnu99;
				GCC_DYNAMIC_NO_PIC = NO;
				GCC_NO_COMMON_BLOCKS = YES;
				GCC_OPTIMIZATION_LEVEL = 0;
				GCC_PREPROCESSOR_DEFINITIONS = (
					"DEBUG=1",
					"$(inherited)",
				);
				GCC_WARN_64_TO_32_BIT_CONVERSION = YES;
				GCC_WARN_ABOUT_RETURN_TYPE = YES_ERROR;
				GCC_WARN_UNDECLARED_SELECTOR = YES;
				GCC_WARN_UNINITIALIZED_AUTOS = YES_AGGRESSIVE;
				GCC_WARN_UNUSED_FUNCTION = YES;
				GCC_WARN_UNUSED_VARIABLE = YES;
				IPHONEOS_DEPLOYMENT_TARGET = 10.0;
				MTL_ENABLE_DEBUG_INFO = YES;
				ONLY_ACTIVE_ARCH = YES;
				SDKROOT = iphoneos;
				SWIFT_ACTIVE_COMPILATION_CONDITIONS = DEBUG;
				SWIFT_OPTIMIZATION_LEVEL = "-Onone";
			};
			name = Debug;
		};
		6EA972321DB52F8D00D907FA /* Release */ = {
			isa = XCBuildConfiguration;
			buildSettings = {
				ALWAYS_SEARCH_USER_PATHS = NO;
				CLANG_ANALYZER_NONNULL = YES;
				CLANG_CXX_LANGUAGE_STANDARD = "gnu++0x";
				CLANG_CXX_LIBRARY = "libc++";
				CLANG_ENABLE_MODULES = YES;
				CLANG_ENABLE_OBJC_ARC = YES;
				CLANG_WARN_BOOL_CONVERSION = YES;
				CLANG_WARN_CONSTANT_CONVERSION = YES;
				CLANG_WARN_DIRECT_OBJC_ISA_USAGE = YES_ERROR;
				CLANG_WARN_DOCUMENTATION_COMMENTS = YES;
				CLANG_WARN_EMPTY_BODY = YES;
				CLANG_WARN_ENUM_CONVERSION = YES;
				CLANG_WARN_INFINITE_RECURSION = YES;
				CLANG_WARN_INT_CONVERSION = YES;
				CLANG_WARN_OBJC_ROOT_CLASS = YES_ERROR;
				CLANG_WARN_SUSPICIOUS_MOVES = YES;
				CLANG_WARN_UNREACHABLE_CODE = YES;
				CLANG_WARN__DUPLICATE_METHOD_MATCH = YES;
				"CODE_SIGN_IDENTITY[sdk=iphoneos*]" = "iPhone Developer";
				COPY_PHASE_STRIP = NO;
				DEBUG_INFORMATION_FORMAT = "dwarf-with-dsym";
				ENABLE_NS_ASSERTIONS = NO;
				ENABLE_STRICT_OBJC_MSGSEND = YES;
				GCC_C_LANGUAGE_STANDARD = gnu99;
				GCC_NO_COMMON_BLOCKS = YES;
				GCC_WARN_64_TO_32_BIT_CONVERSION = YES;
				GCC_WARN_ABOUT_RETURN_TYPE = YES_ERROR;
				GCC_WARN_UNDECLARED_SELECTOR = YES;
				GCC_WARN_UNINITIALIZED_AUTOS = YES_AGGRESSIVE;
				GCC_WARN_UNUSED_FUNCTION = YES;
				GCC_WARN_UNUSED_VARIABLE = YES;
				IPHONEOS_DEPLOYMENT_TARGET = 10.0;
				MTL_ENABLE_DEBUG_INFO = NO;
				SDKROOT = iphoneos;
				SWIFT_OPTIMIZATION_LEVEL = "-Owholemodule";
				VALIDATE_PRODUCT = YES;
			};
			name = Release;
		};
		6EA972341DB52F8D00D907FA /* Debug */ = {
			isa = XCBuildConfiguration;
			buildSettings = {
				ASSETCATALOG_COMPILER_APPICON_NAME = AppIcon;
				"CODE_SIGN_IDENTITY[sdk=iphoneos*]" = "iPhone Developer";
				DEVELOPMENT_TEAM = "";
				INFOPLIST_FILE = DesignableView/Info.plist;
				LD_RUNPATH_SEARCH_PATHS = "$(inherited) @executable_path/Frameworks";
				PRODUCT_BUNDLE_IDENTIFIER = io.artwalk.DesignableView;
				PRODUCT_NAME = "$(TARGET_NAME)";
				SWIFT_VERSION = 3.0;
			};
			name = Debug;
		};
		6EA972351DB52F8D00D907FA /* Release */ = {
			isa = XCBuildConfiguration;
			buildSettings = {
				ASSETCATALOG_COMPILER_APPICON_NAME = AppIcon;
				"CODE_SIGN_IDENTITY[sdk=iphoneos*]" = "iPhone Developer";
				DEVELOPMENT_TEAM = "";
				INFOPLIST_FILE = DesignableView/Info.plist;
				LD_RUNPATH_SEARCH_PATHS = "$(inherited) @executable_path/Frameworks";
				PRODUCT_BUNDLE_IDENTIFIER = io.artwalk.DesignableView;
				PRODUCT_NAME = "$(TARGET_NAME)";
				SWIFT_VERSION = 3.0;
			};
			name = Release;
		};
/* End XCBuildConfiguration section */

/* Begin XCConfigurationList section */
		6EA9721C1DB52F8D00D907FA /* Build configuration list for PBXProject "DesignableView" */ = {
			isa = XCConfigurationList;
			buildConfigurations = (
				6EA972311DB52F8D00D907FA /* Debug */,
				6EA972321DB52F8D00D907FA /* Release */,
			);
			defaultConfigurationIsVisible = 0;
			defaultConfigurationName = Release;
		};
		6EA972331DB52F8D00D907FA /* Build configuration list for PBXNativeTarget "DesignableView" */ = {
			isa = XCConfigurationList;
			buildConfigurations = (
				6EA972341DB52F8D00D907FA /* Debug */,
				6EA972351DB52F8D00D907FA /* Release */,
			);
			defaultConfigurationIsVisible = 0;
		};
/* End XCConfigurationList section */
	};
	rootObject = 6EA972191DB52F8D00D907FA /* Project object */;
}
